
Microsoft Visual Studio Solution File, Format Version 12.00
# Visual Studio 15
VisualStudioVersion = 15.0.28307.489
MinimumVisualStudioVersion = 10.0.40219.1
Project("{888888A0-9F3D-457C-B088-3A5042F75D52}") = "Stock", "Stock\Stock.pyproj", "{5F3EE0FF-2697-421D-81BF-1AEB33BBC792}"
EndProject
Global
	GlobalSection(SolutionConfigurationPlatforms) = preSolution
		Debug|Any CPU = Debug|Any CPU
		Release|Any CPU = Release|Any CPU
	EndGlobalSection
	GlobalSection(ProjectConfigurationPlatforms) = postSolution
		{5F3EE0FF-2697-421D-81BF-1AEB33BBC792}.Debug|Any CPU.ActiveCfg = Debug|Any CPU
		{5F3EE0FF-2697-421D-81BF-1AEB33BBC792}.Release|Any CPU.ActiveCfg = Release|Any CPU
	EndGlobalSection
	GlobalSection(SolutionProperties) = preSolution
		HideSolutionNode = FALSE
	EndGlobalSection
	GlobalSection(ExtensibilityGlobals) = postSolution
		SolutionGuid = {EE583C4D-1C63-4076-8519-FE3F557DDC02}
	EndGlobalSection
EndGlobal
